PODS:
  - Flutter (1.0.0)
  - tor (0.0.1):
    - Flutter

DEPENDENCIES:
  - Flutter (from `Flutter`)
  - tor (from `.symlinks/plugins/tor/ios`)

EXTERNAL SOURCES:
  Flutter:
    :path: Flutter
  tor:
    :path: ".symlinks/plugins/tor/ios"

SPEC CHECKSUMS:
  Flutter: cabc95a1d2626b1b06e7179b784ebcf0c0cde467
  tor: 4f0e95b8667e4aabda0c14aa5165cb3e46afe62c

PODFILE CHECKSUM: ade96bceabe3919b69c16573938e4268fe3a6c9d

COCOAPODS: 1.16.2
